PODS:
  - Alamofire (5.4.4)
  - Cosmos (23.0.0)
  - curvyRoute (0.2.1)
  - Hero (1.6.1)
  - Kingfisher (5.15.8):
    - Kingfisher/Core (= 5.15.8)
  - Kingfisher/Core (5.15.8)
  - KingfisherWebP (1.0.0):
    - Kingfisher (~> 5.8)
    - libwebp (>= 0.5.0)
  - libwebp (1.2.1):
    - libwebp/demux (= 1.2.1)
    - libwebp/mux (= 1.2.1)
    - libwebp/webp (= 1.2.1)
  - libwebp/demux (1.2.1):
    - libwebp/webp
  - libwebp/mux (1.2.1):
    - libwebp/demux
  - libwebp/webp (1.2.1)
  - Starscream (3.0.6)
  - YDB2WAssets (1.6.4):
    - YDB2WBrandManager (~> 1.6.0)
    - YDB2WModels (~> 1.6.0)
  - YDB2WBrandManager (1.6.1)
  - YDB2WColors (1.6.4)
  - YDB2WComponents (1.6.24):
    - Cosmos
    - YDB2WAssets (~> 1.6.0)
    - YDB2WColors (~> 1.6.0)
    - YDB2WDeepLinks (~> 1.6.0)
    - YDB2WModels (~> 1.6.0)
    - YDB2WServices (~> 1.6.0)
    - YDExtensions (~> 1.6.0)
    - YDUtilities (~> 1.6.0)
    - YDWebSocket (~> 1.6.0)
  - YDB2WCustomerIdentifier (1.6.2):
    - YDB2WAssets (~> 1.6.0)
    - YDB2WColors (~> 1.6.0)
    - YDB2WModels (~> 1.6.0)
    - YDExtensions (~> 1.6.0)
    - YDUtilities (~> 1.6.0)
  - YDB2WDeepLinks (1.6.2):
    - YDB2WIntegration (~> 1.6.0)
    - YDExtensions (~> 1.6.0)
    - YDUtilities (~> 1.6.0)
  - YDB2WIntegration (1.6.7):
    - YDB2WModels (~> 1.6.0)
    - YDExtensions (~> 1.6.0)
  - YDB2WModels (1.6.10):
    - YDB2WColors (~> 1.6.0)
    - YDExtensions (~> 1.6.0)
  - YDB2WServices (1.6.1):
    - Alamofire (= 5.4.4)
    - YDB2WBrandManager (~> 1.6.0)
    - YDB2WIntegration (~> 1.6.0)
    - YDB2WModels (~> 1.6.0)
    - YDUtilities (~> 1.6.0)
  - YDExtensions (1.6.6):
    - Kingfisher (~> 5.0)
    - KingfisherWebP (= 1.0.0)
    - YDB2WColors (~> 1.6.0)
  - YDLocationModule (1.0.5)
  - YDMFindStore (1.6.0):
    - curvyRoute
    - YDB2WAssets (~> 1.6.0)
    - YDB2WComponents (~> 1.6.0)
    - YDB2WDeepLinks (~> 1.6.0)
    - YDB2WIntegration (~> 1.6.0)
    - YDB2WModels (~> 1.6.0)
    - YDB2WServices (~> 1.6.0)
    - YDExtensions (~> 1.6.0)
    - YDLocationModule (~> 1.0.5)
    - YDUtilities (~> 1.6.0)
  - YDMOfflineOrders (1.6.8):
    - Cosmos
    - YDB2WAssets (~> 1.6.0)
    - YDB2WColors (~> 1.6.0)
    - YDB2WComponents (~> 1.6.0)
    - YDB2WDeepLinks (~> 1.6.0)
    - YDB2WIntegration (~> 1.6.0)
    - YDB2WModels (~> 1.6.0)
    - YDB2WServices (~> 1.6.0)
    - YDExtensions (~> 1.6.0)
    - YDMFindStore (~> 1.6.0)
    - YDQuiz (~> 1.6.0)
    - YDUtilities (~> 1.6.0)
  - YDQuiz (1.6.5):
    - YDB2WAssets (~> 1.6.0)
    - YDB2WColors (~> 1.6.0)
    - YDB2WComponents (~> 1.6.0)
    - YDB2WIntegration (~> 1.6.0)
    - YDB2WModels (~> 1.6.0)
    - YDB2WServices (~> 1.6.0)
    - YDExtensions (~> 1.6.0)
    - YDUtilities (~> 1.6.0)
  - YDUtilities (1.6.2):
    - Alamofire (= 5.4.4)
    - YDB2WModels (~> 1.6.0)
    - YDExtensions (~> 1.6.0)
  - YDWebSocket (1.6.0):
    - Starscream (= 3.0.6)
    - YDB2WModels (~> 1.6.0)
    - YDExtensions (~> 1.6.0)

DEPENDENCIES:
  - Hero
  - YDB2WAssets (~> 1.6.0)
  - YDB2WColors (~> 1.6.0)
  - YDB2WComponents (~> 1.6.0)
  - YDB2WCustomerIdentifier (~> 1.6.0)
  - YDB2WIntegration (~> 1.6.0)
  - YDB2WServices (~> 1.6.0)
  - YDExtensions (~> 1.6.0)
  - YDMOfflineOrders (~> 1.6.0)
  - YDQuiz (~> 1.6.0)
  - YDUtilities (~> 1.6.0)

SPEC REPOS:
  "git@github.com:Hennrich-Your-Dev/YourDev-Pods.git":
    - YDB2WAssets
    - YDB2WBrandManager
    - YDB2WColors
    - YDB2WComponents
    - YDB2WCustomerIdentifier
    - YDB2WDeepLinks
    - YDB2WIntegration
    - YDB2WModels
    - YDB2WServices
    - YDExtensions
    - YDLocationModule
    - YDMFindStore
    - YDMOfflineOrders
    - YDQuiz
    - YDUtilities
    - YDWebSocket
  trunk:
    - Alamofire
    - Cosmos
    - curvyRoute
    - Hero
    - Kingfisher
    - KingfisherWebP
    - libwebp
    - Starscream

SPEC CHECKSUMS:
  Alamofire: f3b09a368f1582ab751b3fff5460276e0d2cf5c9
  Cosmos: b5c6a9a637e28a061b54c8f8b1d8529d7d4db73f
  curvyRoute: bd529a80b8d7a0390a2673dceb79081c11b0fa8d
  Hero: 215865ba3ae41dd9bb08cd6c60a645529c6fc94b
  Kingfisher: a3c03d702433fa6cfedabb2bddbe076fb8f2e902
  KingfisherWebP: b1ed1dbc5e52547c5bf5f583dd5c46346f97320f
  libwebp: 98a37e597e40bfdb4c911fc98f2c53d0b12d05fc
  Starscream: ef3ece99d765eeccb67de105bfa143f929026cf5
  YDB2WAssets: 0cb1af8508d0d45a7cddacfe831944f21c7685d0
  YDB2WBrandManager: 1a04a7b93fccfd773c7da7f5bbcedea3af61f0b6
  YDB2WColors: d65cd1d7b675b18392c1b610315936be8ed00e70
  YDB2WComponents: 93dfb65d6d48fa8da13ec179410eb179f28463be
  YDB2WCustomerIdentifier: 89d88725cfd82738f468b9d3ccfe60e3a318e39c
  YDB2WDeepLinks: 3f9755b4cc5672e177c4c68708f77fc5ce7b4a08
  YDB2WIntegration: 835efe251da528e9739039c2d89fb7d5fd536935
  YDB2WModels: 030794b631e3ecae0130d883e24d5ab29b2d8b40
  YDB2WServices: a03d2836b14eec56867282bf90754ebe4b8bce86
  YDExtensions: afa8516b61c97a2189c7cbb62726467ece7858fb
  YDLocationModule: 35cddec317442e18078cb64e1542d7cd360ccb43
  YDMFindStore: f942907a13bc5b08fe134df07ea2f8e1c15ce8cd
  YDMOfflineOrders: 80f9cae7f1c3211769674e36b755128482cf75e8
  YDQuiz: 1ff5266f7200d1370e4b7ffd7068583583dad2b5
  YDUtilities: 92fff2335a86b98bd66e766d9a41e6d78fe1c626
  YDWebSocket: 5adddea4995b4b3cd285cf0ad2c5695e0db35020

PODFILE CHECKSUM: 6a88a4b672e71ed7d2fb6972d0590bb10a327db7

COCOAPODS: 1.10.2
