PODS:
  - Alamofire (5.4.4)
  - Cosmos (23.0.0)
  - curvyRoute (0.2.1)
  - FittedSheets (2.4.2)
  - Hero (1.6.1)
  - Kingfisher (5.15.8):
    - Kingfisher/Core (= 5.15.8)
  - Kingfisher/Core (5.15.8)
  - KingfisherWebP (1.0.0):
    - Kingfisher (~> 5.8)
    - libwebp (>= 0.5.0)
  - libwebp (1.2.1):
    - libwebp/demux (= 1.2.1)
    - libwebp/mux (= 1.2.1)
    - libwebp/webp (= 1.2.1)
  - libwebp/demux (1.2.1):
    - libwebp/webp
  - libwebp/mux (1.2.1):
    - libwebp/demux
  - libwebp/webp (1.2.1)
  - Starscream (3.0.6)
  - YDB2WAssets (1.6.9):
    - YDB2WBrandManager (~> 1.6.0)
    - YDB2WModels (~> 1.6.0)
  - YDB2WBrandManager (1.6.1)
  - YDB2WColors (1.6.5)
  - YDB2WComponents (1.6.55):
    - Cosmos
    - FittedSheets (~> 2.4.1)
    - YDB2WAssets (~> 1.6.0)
    - YDB2WColors (~> 1.6.0)
    - YDB2WDeepLinks (~> 1.6.0)
    - YDB2WModels (~> 1.6.0)
    - YDB2WServices (~> 1.6.0)
    - YDExtensions (~> 1.6.0)
    - YDUtilities (~> 1.6.0)
    - YDWebSocket (~> 1.6.0)
  - YDB2WDeepLinks (1.6.2):
    - YDB2WIntegration (~> 1.6.0)
    - YDExtensions (~> 1.6.0)
    - YDUtilities (~> 1.6.0)
  - YDB2WIntegration (1.6.8):
    - YDB2WModels (~> 1.6.0)
    - YDExtensions (~> 1.6.0)
  - YDB2WModels (1.6.11):
    - YDB2WColors (~> 1.6.0)
    - YDExtensions (~> 1.6.0)
  - YDB2WServices (1.6.2):
    - Alamofire (= 5.4.4)
    - YDB2WBrandManager (~> 1.6.0)
    - YDB2WIntegration (~> 1.6.0)
    - YDB2WModels (~> 1.6.0)
    - YDUtilities (~> 1.6.0)
  - YDExtensions (1.6.6):
    - Kingfisher (~> 5.0)
    - KingfisherWebP (= 1.0.0)
    - YDB2WColors (~> 1.6.0)
  - YDLocationModule (1.0.5)
  - YDMFindStore (1.6.0):
    - curvyRoute
    - YDB2WAssets (~> 1.6.0)
    - YDB2WComponents (~> 1.6.0)
    - YDB2WDeepLinks (~> 1.6.0)
    - YDB2WIntegration (~> 1.6.0)
    - YDB2WModels (~> 1.6.0)
    - YDB2WServices (~> 1.6.0)
    - YDExtensions (~> 1.6.0)
    - YDLocationModule (~> 1.0.5)
    - YDUtilities (~> 1.6.0)
  - YDMOfflineOrders (1.6.12):
    - Cosmos
    - YDB2WAssets (~> 1.6.0)
    - YDB2WColors (~> 1.6.0)
    - YDB2WComponents (~> 1.6.0)
    - YDB2WDeepLinks (~> 1.6.0)
    - YDB2WIntegration (~> 1.6.0)
    - YDB2WModels (~> 1.6.0)
    - YDB2WServices (~> 1.6.0)
    - YDExtensions (~> 1.6.0)
    - YDMFindStore (~> 1.6.0)
    - YDQuiz (~> 1.6.0)
    - YDUtilities (~> 1.6.0)
  - YDQuiz (1.6.5):
    - YDB2WAssets (~> 1.6.0)
    - YDB2WColors (~> 1.6.0)
    - YDB2WComponents (~> 1.6.0)
    - YDB2WIntegration (~> 1.6.0)
    - YDB2WModels (~> 1.6.0)
    - YDB2WServices (~> 1.6.0)
    - YDExtensions (~> 1.6.0)
    - YDUtilities (~> 1.6.0)
  - YDUtilities (1.6.7):
    - Alamofire (= 5.4.4)
    - YDB2WModels (~> 1.6.0)
    - YDExtensions (~> 1.6.0)
  - YDWebSocket (1.6.0):
    - Starscream (= 3.0.6)
    - YDB2WModels (~> 1.6.0)
    - YDExtensions (~> 1.6.0)

DEPENDENCIES:
  - Hero
  - YDB2WAssets (~> 1.6.0)
  - YDB2WColors (~> 1.6.0)
  - YDB2WComponents (~> 1.6.0)
  - YDB2WIntegration (~> 1.6.0)
  - YDB2WServices (~> 1.6.0)
  - YDExtensions (~> 1.6.0)
  - YDMOfflineOrders (~> 1.6.0)
  - YDQuiz (~> 1.6.0)
  - YDUtilities (~> 1.6.0)

SPEC REPOS:
  "git@github.com:Hennrich-Your-Dev/YourDev-Pods.git":
    - YDB2WAssets
    - YDB2WBrandManager
    - YDB2WColors
    - YDB2WComponents
    - YDB2WDeepLinks
    - YDB2WIntegration
    - YDB2WModels
    - YDB2WServices
    - YDExtensions
    - YDLocationModule
    - YDMFindStore
    - YDMOfflineOrders
    - YDQuiz
    - YDUtilities
    - YDWebSocket
  trunk:
    - Alamofire
    - Cosmos
    - curvyRoute
    - FittedSheets
    - Hero
    - Kingfisher
    - KingfisherWebP
    - libwebp
    - Starscream

SPEC CHECKSUMS:
  Alamofire: f3b09a368f1582ab751b3fff5460276e0d2cf5c9
  Cosmos: b5c6a9a637e28a061b54c8f8b1d8529d7d4db73f
  curvyRoute: bd529a80b8d7a0390a2673dceb79081c11b0fa8d
  FittedSheets: 661408776eb4ff514a31da75b3600bd7222b2b3d
  Hero: 215865ba3ae41dd9bb08cd6c60a645529c6fc94b
  Kingfisher: a3c03d702433fa6cfedabb2bddbe076fb8f2e902
  KingfisherWebP: b1ed1dbc5e52547c5bf5f583dd5c46346f97320f
  libwebp: 98a37e597e40bfdb4c911fc98f2c53d0b12d05fc
  Starscream: ef3ece99d765eeccb67de105bfa143f929026cf5
  YDB2WAssets: e110a20345a7965b1d59723e55f6a2cbf9b0396d
  YDB2WBrandManager: 1a04a7b93fccfd773c7da7f5bbcedea3af61f0b6
  YDB2WColors: d8d84eeb1b829c6af94ceb8a76b963f33bbf0c69
  YDB2WComponents: 7fc393fb07c224cb139b119d29258fcbdc28a76c
  YDB2WDeepLinks: 3f9755b4cc5672e177c4c68708f77fc5ce7b4a08
  YDB2WIntegration: 64a02215f620297881e9723f55693aa86e1d5c98
  YDB2WModels: 83752e990c99ea12fa487f0e3aaa11665a244f99
  YDB2WServices: 4251c28b3e390bdc174a8514e5fec061b1869946
  YDExtensions: afa8516b61c97a2189c7cbb62726467ece7858fb
  YDLocationModule: 35cddec317442e18078cb64e1542d7cd360ccb43
  YDMFindStore: f942907a13bc5b08fe134df07ea2f8e1c15ce8cd
  YDMOfflineOrders: e01348e07ac196e6436c0df1087b29948892da73
  YDQuiz: 1ff5266f7200d1370e4b7ffd7068583583dad2b5
  YDUtilities: 9cbc0fe7d549fcb96da972d00c25c53ff08fe459
  YDWebSocket: 5adddea4995b4b3cd285cf0ad2c5695e0db35020

PODFILE CHECKSUM: 886c9bf63e8a36ed55bbfc74e6940bf79e212658

COCOAPODS: 1.11.2
